
Microsoft Visual Studio Solution File, Format Version 12.00
# Visual Studio Version 17
VisualStudioVersion = 17.14.36414.22 d17.14
MinimumVisualStudioVersion = 10.0.40219.1
Project("{FAE04EC0-301F-11D3-BF4B-00C04F79EFBC}") = "api", "api\api.csproj", "{76229049-BBB2-44F6-8E61-47A59400E750}"
EndProject
Global
	GlobalSection(SolutionConfigurationPlatforms) = preSolution
		Debug|Any CPU = Debug|Any CPU
		Release|Any CPU = Release|Any CPU
	EndGlobalSection
	GlobalSection(ProjectConfigurationPlatforms) = postSolution
		{76229049-BBB2-44F6-8E61-47A59400E750}.Debug|Any CPU.ActiveCfg = Debug|Any CPU
		{76229049-BBB2-44F6-8E61-47A59400E750}.Debug|Any CPU.Build.0 = Debug|Any CPU
		{76229049-BBB2-44F6-8E61-47A59400E750}.Release|Any CPU.ActiveCfg = Release|Any CPU
		{76229049-BBB2-44F6-8E61-47A59400E750}.Release|Any CPU.Build.0 = Release|Any CPU
	EndGlobalSection
	GlobalSection(SolutionProperties) = preSolution
		HideSolutionNode = FALSE
	EndGlobalSection
	GlobalSection(ExtensibilityGlobals) = postSolution
		SolutionGuid = {B08B0037-8FBB-4EC7-9469-9897E6E05E2F}
	EndGlobalSection
EndGlobal
